
Microsoft Visual Studio Solution File, Format Version 12.00
# Visual Studio Version 16
VisualStudioVersion = 16.0.30225.117
MinimumVisualStudioVersion = 10.0.40219.1
Project("{9A19103F-16F7-4668-BE54-9A1E7A4F7556}") = "Harbourside", "Harbourside\Harbourside.csproj", "{285235D9-2BB4-41F5-B754-748B3D6D89C0}"
EndProject
Project("{FAE04EC0-301F-11D3-BF4B-00C04F79EFBC}") = "Harbourside.Data", "Harbourside.Data\Harbourside.Data.csproj", "{E529CCB7-6276-404C-BF83-89AF59564C60}"
EndProject
Global
	GlobalSection(SolutionConfigurationPlatforms) = preSolution
		Debug|Any CPU = Debug|Any CPU
		Release|Any CPU = Release|Any CPU
	EndGlobalSection
	GlobalSection(ProjectConfigurationPlatforms) = postSolution
		{285235D9-2BB4-41F5-B754-748B3D6D89C0}.Debug|Any CPU.ActiveCfg = Debug|Any CPU
		{285235D9-2BB4-41F5-B754-748B3D6D89C0}.Debug|Any CPU.Build.0 = Debug|Any CPU
		{285235D9-2BB4-41F5-B754-748B3D6D89C0}.Release|Any CPU.ActiveCfg = Release|Any CPU
		{285235D9-2BB4-41F5-B754-748B3D6D89C0}.Release|Any CPU.Build.0 = Release|Any CPU
		{E529CCB7-6276-404C-BF83-89AF59564C60}.Debug|Any CPU.ActiveCfg = Debug|Any CPU
		{E529CCB7-6276-404C-BF83-89AF59564C60}.Debug|Any CPU.Build.0 = Debug|Any CPU
		{E529CCB7-6276-404C-BF83-89AF59564C60}.Release|Any CPU.ActiveCfg = Release|Any CPU
		{E529CCB7-6276-404C-BF83-89AF59564C60}.Release|Any CPU.Build.0 = Release|Any CPU
	EndGlobalSection
	GlobalSection(SolutionProperties) = preSolution
		HideSolutionNode = FALSE
	EndGlobalSection
	GlobalSection(ExtensibilityGlobals) = postSolution
		SolutionGuid = {3EA6500C-DC7C-40D4-8A7B-6033D3D16A9B}
	EndGlobalSection
EndGlobal
